// !$*UTF8*$!
{
	archiveVersion = 1;
	classes = {
	};
	objectVersion = 56;
	objects = {

/* Begin PBXBuildFile section */
		0706D43E2CAF660100642708 /* AppDelegate.swift in Sources */ = {isa = PBXBuildFile; fileRef = 0706D43D2CAF660100642708 /* AppDelegate.swift */; };
		0706D4402CAF660100642708 /* SceneDelegate.swift in Sources */ = {isa = PBXBuildFile; fileRef = 0706D43F2CAF660100642708 /* SceneDelegate.swift */; };
		0706D4422CAF660100642708 /* ViewController.swift in Sources */ = {isa = PBXBuildFile; fileRef = 0706D4412CAF660100642708 /* ViewController.swift */; };
		0706D4452CAF660100642708 /* Base in Resources */ = {isa = PBXBuildFile; fileRef = 0706D4442CAF660100642708 /* Base */; };
		0706D4472CAF660200642708 /* Assets.xcassets in Resources */ = {isa = PBXBuildFile; fileRef = 0706D4462CAF660200642708 /* Assets.xcassets */; };
		0706D44A2CAF660200642708 /* Base in Resources */ = {isa = PBXBuildFile; fileRef = 0706D4492CAF660200642708 /* Base */; };
		0706D4552CB0B8B000642708 /* Graph.swift in Sources */ = {isa = PBXBuildFile; fileRef = 0706D4542CB0B8B000642708 /* Graph.swift */; };
		0706D4582CB0C2C800642708 /* InitialViewController.swift in Sources */ = {isa = PBXBuildFile; fileRef = 0706D4572CB0C2C800642708 /* InitialViewController.swift */; };
		0706D45A2CB0C93B00642708 /* LoginViewController.swift in Sources */ = {isa = PBXBuildFile; fileRef = 0706D4592CB0C93B00642708 /* LoginViewController.swift */; };
		0706D45D2CB0CEB800642708 /* ResponderUtils.swift in Sources */ = {isa = PBXBuildFile; fileRef = 0706D45C2CB0CEB700642708 /* ResponderUtils.swift */; };
		072943732CB3717E007A73A4 /* ArticleModalViewController.swift in Sources */ = {isa = PBXBuildFile; fileRef = 072943722CB3717E007A73A4 /* ArticleModalViewController.swift */; };
		072A84492CB22818006C8FE0 /* NewsFeedViewController.swift in Sources */ = {isa = PBXBuildFile; fileRef = 072A84482CB22818006C8FE0 /* NewsFeedViewController.swift */; };
		072A844B2CB22C55006C8FE0 /* NewsArticle.swift in Sources */ = {isa = PBXBuildFile; fileRef = 072A844A2CB22C55006C8FE0 /* NewsArticle.swift */; };
		072A844D2CB31C0A006C8FE0 /* ArticleViewController.swift in Sources */ = {isa = PBXBuildFile; fileRef = 072A844C2CB31C0A006C8FE0 /* ArticleViewController.swift */; };
		075810DF2CB9F75100BF44A1 /* NetworkOverviewViewController.swift in Sources */ = {isa = PBXBuildFile; fileRef = 075810DE2CB9F75100BF44A1 /* NetworkOverviewViewController.swift */; };
		075810E12CB9F93500BF44A1 /* NetworkHostsViewController.swift in Sources */ = {isa = PBXBuildFile; fileRef = 075810E02CB9F93500BF44A1 /* NetworkHostsViewController.swift */; };
		075810E42CB9FC6F00BF44A1 /* TicketResponse.swift in Sources */ = {isa = PBXBuildFile; fileRef = 075810E32CB9FC6F00BF44A1 /* TicketResponse.swift */; };
		075810E62CB9FC8C00BF44A1 /* HostJSON.swift in Sources */ = {isa = PBXBuildFile; fileRef = 075810E52CB9FC8C00BF44A1 /* HostJSON.swift */; };
		075810E82CBA121300BF44A1 /* NetworkHostDetailViewController.swift in Sources */ = {isa = PBXBuildFile; fileRef = 075810E72CBA121300BF44A1 /* NetworkHostDetailViewController.swift */; };
		079519362CBF461E008A723C /* Skiliket_Reto_Tests.swift in Sources */ = {isa = PBXBuildFile; fileRef = 079519352CBF461E008A723C /* Skiliket_Reto_Tests.swift */; };
		0795193D2CBF47CE008A723C /* News_Tests.swift in Sources */ = {isa = PBXBuildFile; fileRef = 0795193C2CBF47CE008A723C /* News_Tests.swift */; };
		07CCC6D52CB385D7004C5C12 /* ReportArticleModalViewController.swift in Sources */ = {isa = PBXBuildFile; fileRef = 07CCC6D42CB385D7004C5C12 /* ReportArticleModalViewController.swift */; };
		07CCC6D72CB3A282004C5C12 /* CreateArticleViewController.swift in Sources */ = {isa = PBXBuildFile; fileRef = 07CCC6D62CB3A282004C5C12 /* CreateArticleViewController.swift */; };
		5B442B732CB4B4B200B15CE6 /* Profile.swift in Sources */ = {isa = PBXBuildFile; fileRef = 5B442B722CB4B4B200B15CE6 /* Profile.swift */; };
		5B442B7A2CB5EBC500B15CE6 /* ProfileViewController.swift in Sources */ = {isa = PBXBuildFile; fileRef = 5B442B792CB5EBC500B15CE6 /* ProfileViewController.swift */; };
		5B679E3C2CB61C19000E0822 /* EditProfileViewController.swift in Sources */ = {isa = PBXBuildFile; fileRef = 5B679E3B2CB61C19000E0822 /* EditProfileViewController.swift */; };
		5B8B04752CBFA95D0035B25A /* TemperatureData.swift in Sources */ = {isa = PBXBuildFile; fileRef = 5B8B04742CBFA95D0035B25A /* TemperatureData.swift */; };
		5B8B04772CBFD0430035B25A /* HumidityData.swift in Sources */ = {isa = PBXBuildFile; fileRef = 5B8B04762CBFD0430035B25A /* HumidityData.swift */; };
		5B8B04792CBFE2CD0035B25A /* SmokeData.swift in Sources */ = {isa = PBXBuildFile; fileRef = 5B8B04782CBFE2CD0035B25A /* SmokeData.swift */; };
		5BA97F2F2CBCC51C00096985 /* NetworkHealthJSON.swift in Sources */ = {isa = PBXBuildFile; fileRef = 5BA97F2E2CBCC51C00096985 /* NetworkHealthJSON.swift */; };
		5BA97F312CBCD27700096985 /* NetworkHealthChartView.swift in Sources */ = {isa = PBXBuildFile; fileRef = 5BA97F302CBCD27700096985 /* NetworkHealthChartView.swift */; };
		5BA97F332CBD0B4800096985 /* NetworkClientsChartView.swift in Sources */ = {isa = PBXBuildFile; fileRef = 5BA97F322CBD0B4800096985 /* NetworkClientsChartView.swift */; };
		6134AE222CB2E560002FD3CF /* ListProjectsViewController.swift in Sources */ = {isa = PBXBuildFile; fileRef = 6134AE212CB2E560002FD3CF /* ListProjectsViewController.swift */; };
		6134AE242CB2E744002FD3CF /* Project.swift in Sources */ = {isa = PBXBuildFile; fileRef = 6134AE232CB2E744002FD3CF /* Project.swift */; };
		6134AE262CB4269D002FD3CF /* DetailedProjectViewController.swift in Sources */ = {isa = PBXBuildFile; fileRef = 6134AE252CB4269D002FD3CF /* DetailedProjectViewController.swift */; };
		6134AE2A2CB44946002FD3CF /* CreateReportViewController.swift in Sources */ = {isa = PBXBuildFile; fileRef = 6134AE292CB44946002FD3CF /* CreateReportViewController.swift */; };
		6134AE2C2CB450EB002FD3CF /* CreateProjectViewController.swift in Sources */ = {isa = PBXBuildFile; fileRef = 6134AE2B2CB450EB002FD3CF /* CreateProjectViewController.swift */; };
		615824A82CBCE8FA00E65D34 /* NetworkDeviceViewController.swift in Sources */ = {isa = PBXBuildFile; fileRef = 615824A72CBCE8FA00E65D34 /* NetworkDeviceViewController.swift */; };
		615824AA2CBCE90A00E65D34 /* NetworkDeviceDetailViewController.swift in Sources */ = {isa = PBXBuildFile; fileRef = 615824A92CBCE90A00E65D34 /* NetworkDeviceDetailViewController.swift */; };
		615824B02CBCF16800E65D34 /* DeviceJSON.swift in Sources */ = {isa = PBXBuildFile; fileRef = 615824AF2CBCF16800E65D34 /* DeviceJSON.swift */; };
		B96BED562CB75875008A5CEF /* PrivacyPolicy.swift in Sources */ = {isa = PBXBuildFile; fileRef = B96BED552CB75875008A5CEF /* PrivacyPolicy.swift */; };
		B96BED5A2CB75C71008A5CEF /* PrivacyPolicyViewController.swift in Sources */ = {isa = PBXBuildFile; fileRef = B96BED592CB75C71008A5CEF /* PrivacyPolicyViewController.swift */; };
		B96BED5D2CBDE00E008A5CEF /* Temperature.swift in Sources */ = {isa = PBXBuildFile; fileRef = B96BED5C2CBDE00E008A5CEF /* Temperature.swift */; };
		B96BED5F2CBDE023008A5CEF /* TemperaturePT.swift in Sources */ = {isa = PBXBuildFile; fileRef = B96BED5E2CBDE023008A5CEF /* TemperaturePT.swift */; };
		B96BED622CBDE608008A5CEF /* SensorSelectionViewController.swift in Sources */ = {isa = PBXBuildFile; fileRef = B96BED612CBDE608008A5CEF /* SensorSelectionViewController.swift */; };
		B96BED642CBDE667008A5CEF /* CitySelectionViewController.swift in Sources */ = {isa = PBXBuildFile; fileRef = B96BED632CBDE667008A5CEF /* CitySelectionViewController.swift */; };
		B96BED662CBDE69F008A5CEF /* GraphViewController.swift in Sources */ = {isa = PBXBuildFile; fileRef = B96BED652CBDE69F008A5CEF /* GraphViewController.swift */; };
		B96BED682CBDE749008A5CEF /* TemperatureLineChartUIView.swift in Sources */ = {isa = PBXBuildFile; fileRef = B96BED672CBDE749008A5CEF /* TemperatureLineChartUIView.swift */; };
		B9F8FCCB2CBEFF3D00A2007E /* Humidity.swift in Sources */ = {isa = PBXBuildFile; fileRef = B9F8FCCA2CBEFF3D00A2007E /* Humidity.swift */; };
		B9F8FCCD2CBEFF5900A2007E /* HumidityPT.swift in Sources */ = {isa = PBXBuildFile; fileRef = B9F8FCCC2CBEFF5900A2007E /* HumidityPT.swift */; };
		B9F8FCCF2CBEFF6B00A2007E /* Sound.swift in Sources */ = {isa = PBXBuildFile; fileRef = B9F8FCCE2CBEFF6B00A2007E /* Sound.swift */; };
		B9F8FCD12CBEFF7800A2007E /* SoundPT.swift in Sources */ = {isa = PBXBuildFile; fileRef = B9F8FCD02CBEFF7800A2007E /* SoundPT.swift */; };
		B9F8FCD32CBEFF8700A2007E /* SmokePT.swift in Sources */ = {isa = PBXBuildFile; fileRef = B9F8FCD22CBEFF8700A2007E /* SmokePT.swift */; };
		B9F8FCD52CBEFF9300A2007E /* Smoke.swift in Sources */ = {isa = PBXBuildFile; fileRef = B9F8FCD42CBEFF9300A2007E /* Smoke.swift */; };
		B9F8FCD72CBEFFA100A2007E /* Light.swift in Sources */ = {isa = PBXBuildFile; fileRef = B9F8FCD62CBEFFA100A2007E /* Light.swift */; };
		B9F8FCD92CBEFFAC00A2007E /* LightPT.swift in Sources */ = {isa = PBXBuildFile; fileRef = B9F8FCD82CBEFFAC00A2007E /* LightPT.swift */; };
		B9F8FCDB2CBF029400A2007E /* HumidityLineChartUIView.swift in Sources */ = {isa = PBXBuildFile; fileRef = B9F8FCDA2CBF029400A2007E /* HumidityLineChartUIView.swift */; };
		B9F8FCDD2CBF187A00A2007E /* HumidityGraphViewController.swift in Sources */ = {isa = PBXBuildFile; fileRef = B9F8FCDC2CBF187A00A2007E /* HumidityGraphViewController.swift */; };
		B9F8FCDF2CBF1DA800A2007E /* SoundLineChartUIView.swift in Sources */ = {isa = PBXBuildFile; fileRef = B9F8FCDE2CBF1DA800A2007E /* SoundLineChartUIView.swift */; };
		B9F8FCE12CBF1E2500A2007E /* SoundGraphViewController.swift in Sources */ = {isa = PBXBuildFile; fileRef = B9F8FCE02CBF1E2500A2007E /* SoundGraphViewController.swift */; };
		B9FF5ED22CBF670600BBB80A /* SmokeLineChartUIView.swift in Sources */ = {isa = PBXBuildFile; fileRef = B9FF5ED12CBF670600BBB80A /* SmokeLineChartUIView.swift */; };
		B9FF5ED42CBF71A400BBB80A /* SmokeGraphViewController.swift in Sources */ = {isa = PBXBuildFile; fileRef = B9FF5ED32CBF71A300BBB80A /* SmokeGraphViewController.swift */; };
		B9FF5ED62CBF7FCF00BBB80A /* LightLineChartUIView.swift in Sources */ = {isa = PBXBuildFile; fileRef = B9FF5ED52CBF7FCF00BBB80A /* LightLineChartUIView.swift */; };
		B9FF5ED82CBF806D00BBB80A /* LightGraphViewController.swift in Sources */ = {isa = PBXBuildFile; fileRef = B9FF5ED72CBF806D00BBB80A /* LightGraphViewController.swift */; };
/* End PBXBuildFile section */

/* Begin PBXContainerItemProxy section */
		079519372CBF461E008A723C /* PBXContainerItemProxy */ = {
			isa = PBXContainerItemProxy;
			containerPortal = 0706D4322CAF660100642708 /* Project object */;
			proxyType = 1;
			remoteGlobalIDString = 0706D4392CAF660100642708;
			remoteInfo = Skiliket_Reto;
		};
/* End PBXContainerItemProxy section */

/* Begin PBXFileReference section */
		0706D43A2CAF660100642708 /* Skiliket_Reto.app */ = {isa = PBXFileReference; explicitFileType = wrapper.application; includeInIndex = 0; path = Skiliket_Reto.app; sourceTree = BUILT_PRODUCTS_DIR; };
		0706D43D2CAF660100642708 /* AppDelegate.swift */ = {isa = PBXFileReference; lastKnownFileType = sourcecode.swift; path = AppDelegate.swift; sourceTree = "<group>"; };
		0706D43F2CAF660100642708 /* SceneDelegate.swift */ = {isa = PBXFileReference; lastKnownFileType = sourcecode.swift; path = SceneDelegate.swift; sourceTree = "<group>"; };
		0706D4412CAF660100642708 /* ViewController.swift */ = {isa = PBXFileReference; lastKnownFileType = sourcecode.swift; path = ViewController.swift; sourceTree = "<group>"; };
		0706D4442CAF660100642708 /* Base */ = {isa = PBXFileReference; lastKnownFileType = file.storyboard; name = Base; path = Base.lproj/Main.storyboard; sourceTree = "<group>"; };
		0706D4462CAF660200642708 /* Assets.xcassets */ = {isa = PBXFileReference; lastKnownFileType = folder.assetcatalog; path = Assets.xcassets; sourceTree = "<group>"; };
		0706D4492CAF660200642708 /* Base */ = {isa = PBXFileReference; lastKnownFileType = file.storyboard; name = Base; path = Base.lproj/LaunchScreen.storyboard; sourceTree = "<group>"; };
		0706D44B2CAF660200642708 /* Info.plist */ = {isa = PBXFileReference; lastKnownFileType = text.plist.xml; path = Info.plist; sourceTree = "<group>"; };
		0706D4542CB0B8B000642708 /* Graph.swift */ = {isa = PBXFileReference; lastKnownFileType = sourcecode.swift; path = Graph.swift; sourceTree = "<group>"; };
		0706D4572CB0C2C800642708 /* InitialViewController.swift */ = {isa = PBXFileReference; lastKnownFileType = sourcecode.swift; path = InitialViewController.swift; sourceTree = "<group>"; };
		0706D4592CB0C93B00642708 /* LoginViewController.swift */ = {isa = PBXFileReference; lastKnownFileType = sourcecode.swift; path = LoginViewController.swift; sourceTree = "<group>"; };
		0706D45C2CB0CEB700642708 /* ResponderUtils.swift */ = {isa = PBXFileReference; lastKnownFileType = sourcecode.swift; path = ResponderUtils.swift; sourceTree = "<group>"; };
		072943722CB3717E007A73A4 /* ArticleModalViewController.swift */ = {isa = PBXFileReference; lastKnownFileType = sourcecode.swift; path = ArticleModalViewController.swift; sourceTree = "<group>"; };
		072A84482CB22818006C8FE0 /* NewsFeedViewController.swift */ = {isa = PBXFileReference; lastKnownFileType = sourcecode.swift; path = NewsFeedViewController.swift; sourceTree = "<group>"; };
		072A844A2CB22C55006C8FE0 /* NewsArticle.swift */ = {isa = PBXFileReference; lastKnownFileType = sourcecode.swift; path = NewsArticle.swift; sourceTree = "<group>"; };
		072A844C2CB31C0A006C8FE0 /* ArticleViewController.swift */ = {isa = PBXFileReference; lastKnownFileType = sourcecode.swift; path = ArticleViewController.swift; sourceTree = "<group>"; };
		075810DE2CB9F75100BF44A1 /* NetworkOverviewViewController.swift */ = {isa = PBXFileReference; lastKnownFileType = sourcecode.swift; path = NetworkOverviewViewController.swift; sourceTree = "<group>"; };
		075810E02CB9F93500BF44A1 /* NetworkHostsViewController.swift */ = {isa = PBXFileReference; lastKnownFileType = sourcecode.swift; path = NetworkHostsViewController.swift; sourceTree = "<group>"; };
		075810E32CB9FC6F00BF44A1 /* TicketResponse.swift */ = {isa = PBXFileReference; lastKnownFileType = sourcecode.swift; path = TicketResponse.swift; sourceTree = "<group>"; };
		075810E52CB9FC8C00BF44A1 /* HostJSON.swift */ = {isa = PBXFileReference; lastKnownFileType = sourcecode.swift; path = HostJSON.swift; sourceTree = "<group>"; };
		075810E72CBA121300BF44A1 /* NetworkHostDetailViewController.swift */ = {isa = PBXFileReference; lastKnownFileType = sourcecode.swift; path = NetworkHostDetailViewController.swift; sourceTree = "<group>"; };
		079519332CBF461E008A723C /* Skiliket_Reto_Tests.xctest */ = {isa = PBXFileReference; explicitFileType = wrapper.cfbundle; includeInIndex = 0; path = Skiliket_Reto_Tests.xctest; sourceTree = BUILT_PRODUCTS_DIR; };
		079519352CBF461E008A723C /* Skiliket_Reto_Tests.swift */ = {isa = PBXFileReference; lastKnownFileType = sourcecode.swift; path = Skiliket_Reto_Tests.swift; sourceTree = "<group>"; };
		0795193C2CBF47CE008A723C /* News_Tests.swift */ = {isa = PBXFileReference; lastKnownFileType = sourcecode.swift; path = News_Tests.swift; sourceTree = "<group>"; };
		07CCC6D42CB385D7004C5C12 /* ReportArticleModalViewController.swift */ = {isa = PBXFileReference; lastKnownFileType = sourcecode.swift; path = ReportArticleModalViewController.swift; sourceTree = "<group>"; };
		07CCC6D62CB3A282004C5C12 /* CreateArticleViewController.swift */ = {isa = PBXFileReference; lastKnownFileType = sourcecode.swift; path = CreateArticleViewController.swift; sourceTree = "<group>"; };
		5B442B722CB4B4B200B15CE6 /* Profile.swift */ = {isa = PBXFileReference; lastKnownFileType = sourcecode.swift; path = Profile.swift; sourceTree = "<group>"; };
		5B442B792CB5EBC500B15CE6 /* ProfileViewController.swift */ = {isa = PBXFileReference; lastKnownFileType = sourcecode.swift; path = ProfileViewController.swift; sourceTree = "<group>"; };
		5B679E3B2CB61C19000E0822 /* EditProfileViewController.swift */ = {isa = PBXFileReference; lastKnownFileType = sourcecode.swift; path = EditProfileViewController.swift; sourceTree = "<group>"; };
		5B8B04742CBFA95D0035B25A /* TemperatureData.swift */ = {isa = PBXFileReference; lastKnownFileType = sourcecode.swift; path = TemperatureData.swift; sourceTree = "<group>"; };
		5B8B04762CBFD0430035B25A /* HumidityData.swift */ = {isa = PBXFileReference; lastKnownFileType = sourcecode.swift; path = HumidityData.swift; sourceTree = "<group>"; };
		5B8B04782CBFE2CD0035B25A /* SmokeData.swift */ = {isa = PBXFileReference; lastKnownFileType = sourcecode.swift; path = SmokeData.swift; sourceTree = "<group>"; };
		5BA97F2E2CBCC51C00096985 /* NetworkHealthJSON.swift */ = {isa = PBXFileReference; lastKnownFileType = sourcecode.swift; path = NetworkHealthJSON.swift; sourceTree = "<group>"; };
		5BA97F302CBCD27700096985 /* NetworkHealthChartView.swift */ = {isa = PBXFileReference; lastKnownFileType = sourcecode.swift; path = NetworkHealthChartView.swift; sourceTree = "<group>"; };
		5BA97F322CBD0B4800096985 /* NetworkClientsChartView.swift */ = {isa = PBXFileReference; lastKnownFileType = sourcecode.swift; path = NetworkClientsChartView.swift; sourceTree = "<group>"; };
		6134AE212CB2E560002FD3CF /* ListProjectsViewController.swift */ = {isa = PBXFileReference; lastKnownFileType = sourcecode.swift; path = ListProjectsViewController.swift; sourceTree = "<group>"; };
		6134AE232CB2E744002FD3CF /* Project.swift */ = {isa = PBXFileReference; lastKnownFileType = sourcecode.swift; path = Project.swift; sourceTree = "<group>"; };
		6134AE252CB4269D002FD3CF /* DetailedProjectViewController.swift */ = {isa = PBXFileReference; lastKnownFileType = sourcecode.swift; path = DetailedProjectViewController.swift; sourceTree = "<group>"; };
		6134AE292CB44946002FD3CF /* CreateReportViewController.swift */ = {isa = PBXFileReference; lastKnownFileType = sourcecode.swift; path = CreateReportViewController.swift; sourceTree = "<group>"; };
		6134AE2B2CB450EB002FD3CF /* CreateProjectViewController.swift */ = {isa = PBXFileReference; lastKnownFileType = sourcecode.swift; path = CreateProjectViewController.swift; sourceTree = "<group>"; };
		615824A72CBCE8FA00E65D34 /* NetworkDeviceViewController.swift */ = {isa = PBXFileReference; lastKnownFileType = sourcecode.swift; path = NetworkDeviceViewController.swift; sourceTree = "<group>"; };
		615824A92CBCE90A00E65D34 /* NetworkDeviceDetailViewController.swift */ = {isa = PBXFileReference; lastKnownFileType = sourcecode.swift; path = NetworkDeviceDetailViewController.swift; sourceTree = "<group>"; };
		615824AF2CBCF16800E65D34 /* DeviceJSON.swift */ = {isa = PBXFileReference; lastKnownFileType = sourcecode.swift; path = DeviceJSON.swift; sourceTree = "<group>"; };
		B96BED552CB75875008A5CEF /* PrivacyPolicy.swift */ = {isa = PBXFileReference; lastKnownFileType = sourcecode.swift; path = PrivacyPolicy.swift; sourceTree = "<group>"; };
		B96BED592CB75C71008A5CEF /* PrivacyPolicyViewController.swift */ = {isa = PBXFileReference; lastKnownFileType = sourcecode.swift; path = PrivacyPolicyViewController.swift; sourceTree = "<group>"; };
		B96BED5C2CBDE00E008A5CEF /* Temperature.swift */ = {isa = PBXFileReference; lastKnownFileType = sourcecode.swift; path = Temperature.swift; sourceTree = "<group>"; };
		B96BED5E2CBDE023008A5CEF /* TemperaturePT.swift */ = {isa = PBXFileReference; lastKnownFileType = sourcecode.swift; path = TemperaturePT.swift; sourceTree = "<group>"; };
		B96BED612CBDE608008A5CEF /* SensorSelectionViewController.swift */ = {isa = PBXFileReference; lastKnownFileType = sourcecode.swift; path = SensorSelectionViewController.swift; sourceTree = "<group>"; };
		B96BED632CBDE667008A5CEF /* CitySelectionViewController.swift */ = {isa = PBXFileReference; lastKnownFileType = sourcecode.swift; path = CitySelectionViewController.swift; sourceTree = "<group>"; };
		B96BED652CBDE69F008A5CEF /* GraphViewController.swift */ = {isa = PBXFileReference; lastKnownFileType = sourcecode.swift; path = GraphViewController.swift; sourceTree = "<group>"; };
		B96BED672CBDE749008A5CEF /* TemperatureLineChartUIView.swift */ = {isa = PBXFileReference; lastKnownFileType = sourcecode.swift; path = TemperatureLineChartUIView.swift; sourceTree = "<group>"; };
		B9F8FCCA2CBEFF3D00A2007E /* Humidity.swift */ = {isa = PBXFileReference; lastKnownFileType = sourcecode.swift; path = Humidity.swift; sourceTree = "<group>"; };
		B9F8FCCC2CBEFF5900A2007E /* HumidityPT.swift */ = {isa = PBXFileReference; lastKnownFileType = sourcecode.swift; path = HumidityPT.swift; sourceTree = "<group>"; };
		B9F8FCCE2CBEFF6B00A2007E /* Sound.swift */ = {isa = PBXFileReference; lastKnownFileType = sourcecode.swift; path = Sound.swift; sourceTree = "<group>"; };
		B9F8FCD02CBEFF7800A2007E /* SoundPT.swift */ = {isa = PBXFileReference; lastKnownFileType = sourcecode.swift; path = SoundPT.swift; sourceTree = "<group>"; };
		B9F8FCD22CBEFF8700A2007E /* SmokePT.swift */ = {isa = PBXFileReference; lastKnownFileType = sourcecode.swift; path = SmokePT.swift; sourceTree = "<group>"; };
		B9F8FCD42CBEFF9300A2007E /* Smoke.swift */ = {isa = PBXFileReference; lastKnownFileType = sourcecode.swift; path = Smoke.swift; sourceTree = "<group>"; };
		B9F8FCD62CBEFFA100A2007E /* Light.swift */ = {isa = PBXFileReference; lastKnownFileType = sourcecode.swift; path = Light.swift; sourceTree = "<group>"; };
		B9F8FCD82CBEFFAC00A2007E /* LightPT.swift */ = {isa = PBXFileReference; lastKnownFileType = sourcecode.swift; path = LightPT.swift; sourceTree = "<group>"; };
		B9F8FCDA2CBF029400A2007E /* HumidityLineChartUIView.swift */ = {isa = PBXFileReference; lastKnownFileType = sourcecode.swift; path = HumidityLineChartUIView.swift; sourceTree = "<group>"; };
		B9F8FCDC2CBF187A00A2007E /* HumidityGraphViewController.swift */ = {isa = PBXFileReference; lastKnownFileType = sourcecode.swift; path = HumidityGraphViewController.swift; sourceTree = "<group>"; };
		B9F8FCDE2CBF1DA800A2007E /* SoundLineChartUIView.swift */ = {isa = PBXFileReference; lastKnownFileType = sourcecode.swift; path = SoundLineChartUIView.swift; sourceTree = "<group>"; };
		B9F8FCE02CBF1E2500A2007E /* SoundGraphViewController.swift */ = {isa = PBXFileReference; lastKnownFileType = sourcecode.swift; path = SoundGraphViewController.swift; sourceTree = "<group>"; };
		B9FF5ED12CBF670600BBB80A /* SmokeLineChartUIView.swift */ = {isa = PBXFileReference; lastKnownFileType = sourcecode.swift; path = SmokeLineChartUIView.swift; sourceTree = "<group>"; };
		B9FF5ED32CBF71A300BBB80A /* SmokeGraphViewController.swift */ = {isa = PBXFileReference; lastKnownFileType = sourcecode.swift; path = SmokeGraphViewController.swift; sourceTree = "<group>"; };
		B9FF5ED52CBF7FCF00BBB80A /* LightLineChartUIView.swift */ = {isa = PBXFileReference; lastKnownFileType = sourcecode.swift; path = LightLineChartUIView.swift; sourceTree = "<group>"; };
		B9FF5ED72CBF806D00BBB80A /* LightGraphViewController.swift */ = {isa = PBXFileReference; lastKnownFileType = sourcecode.swift; path = LightGraphViewController.swift; sourceTree = "<group>"; };
/* End PBXFileReference section */

/* Begin PBXFrameworksBuildPhase section */
		0706D4372CAF660100642708 /* Frameworks */ = {
			isa = PBXFrameworksBuildPhase;
			buildActionMask = 2147483647;
			files = (
			);
			runOnlyForDeploymentPostprocessing = 0;
		};
		079519302CBF461E008A723C /* Frameworks */ = {
			isa = PBXFrameworksBuildPhase;
			buildActionMask = 2147483647;
			files = (
			);
			runOnlyForDeploymentPostprocessing = 0;
		};
/* End PBXFrameworksBuildPhase section */

/* Begin PBXGroup section */
		0706D4312CAF660100642708 = {
			isa = PBXGroup;
			children = (
				0706D43C2CAF660100642708 /* Skiliket_Reto */,
				079519342CBF461E008A723C /* Skiliket_Reto_Tests */,
				0706D43B2CAF660100642708 /* Products */,
			);
			sourceTree = "<group>";
		};
		0706D43B2CAF660100642708 /* Products */ = {
			isa = PBXGroup;
			children = (
				0706D43A2CAF660100642708 /* Skiliket_Reto.app */,
				079519332CBF461E008A723C /* Skiliket_Reto_Tests.xctest */,
			);
			name = Products;
			sourceTree = "<group>";
		};
		0706D43C2CAF660100642708 /* Skiliket_Reto */ = {
			isa = PBXGroup;
			children = (
				0706D45B2CB0CEA000642708 /* Utils */,
				0706D4532CAF661E00642708 /* Controllers */,
				0706D4522CAF661A00642708 /* Views */,
				0706D4512CAF661500642708 /* Models */,
				0706D4462CAF660200642708 /* Assets.xcassets */,
				0706D44B2CAF660200642708 /* Info.plist */,
			);
			path = Skiliket_Reto;
			sourceTree = "<group>";
		};
		0706D4512CAF661500642708 /* Models */ = {
			isa = PBXGroup;
			children = (
				B9F8FCC92CBEFF2100A2007E /* Light */,
				B9F8FCC82CBEFF0100A2007E /* Smoke */,
				B9F8FCC72CBEFEEC00A2007E /* Sound */,
				B9F8FCC62CBEFECD00A2007E /* Humidity */,
				B96BED5B2CBDDFEC008A5CEF /* Temperature */,
				075810E22CB9FC5B00BF44A1 /* Network */,
				072A844A2CB22C55006C8FE0 /* NewsArticle.swift */,
				B96BED552CB75875008A5CEF /* PrivacyPolicy.swift */,
				6134AE232CB2E744002FD3CF /* Project.swift */,
				5B442B722CB4B4B200B15CE6 /* Profile.swift */,
			);
			path = Models;
			sourceTree = "<group>";
		};
		0706D4522CAF661A00642708 /* Views */ = {
			isa = PBXGroup;
			children = (
				0706D4432CAF660100642708 /* Main.storyboard */,
				0706D4482CAF660200642708 /* LaunchScreen.storyboard */,
				0706D4542CB0B8B000642708 /* Graph.swift */,
				5BA97F302CBCD27700096985 /* NetworkHealthChartView.swift */,
				5BA97F322CBD0B4800096985 /* NetworkClientsChartView.swift */,
				B96BED672CBDE749008A5CEF /* TemperatureLineChartUIView.swift */,
				B9F8FCDA2CBF029400A2007E /* HumidityLineChartUIView.swift */,
				B9FF5ED12CBF670600BBB80A /* SmokeLineChartUIView.swift */,
				B9F8FCDE2CBF1DA800A2007E /* SoundLineChartUIView.swift */,
				B9FF5ED52CBF7FCF00BBB80A /* LightLineChartUIView.swift */,
			);
			path = Views;
			sourceTree = "<group>";
		};
		0706D4532CAF661E00642708 /* Controllers */ = {
			isa = PBXGroup;
			children = (
				B96BED602CBDE5BE008A5CEF /* Dashboard */,
				075810DD2CB9F73E00BF44A1 /* Network */,
				B96BED542CB75061008A5CEF /* Signup */,
				5B442B7C2CB5EC8800B15CE6 /* Profile */,
				6134AE202CB2E536002FD3CF /* Project */,
				072A84472CB22805006C8FE0 /* News */,
				0706D4562CB0C2A600642708 /* Login */,
				0706D43D2CAF660100642708 /* AppDelegate.swift */,
				0706D43F2CAF660100642708 /* SceneDelegate.swift */,
				0706D4412CAF660100642708 /* ViewController.swift */,
			);
			path = Controllers;
			sourceTree = "<group>";
		};
		0706D4562CB0C2A600642708 /* Login */ = {
			isa = PBXGroup;
			children = (
				0706D4572CB0C2C800642708 /* InitialViewController.swift */,
				0706D4592CB0C93B00642708 /* LoginViewController.swift */,
			);
			path = Login;
			sourceTree = "<group>";
		};
		0706D45B2CB0CEA000642708 /* Utils */ = {
			isa = PBXGroup;
			children = (
				0706D45C2CB0CEB700642708 /* ResponderUtils.swift */,
			);
			path = Utils;
			sourceTree = "<group>";
		};
		072A84472CB22805006C8FE0 /* News */ = {
			isa = PBXGroup;
			children = (
				072A84482CB22818006C8FE0 /* NewsFeedViewController.swift */,
				07CCC6D62CB3A282004C5C12 /* CreateArticleViewController.swift */,
				072A844C2CB31C0A006C8FE0 /* ArticleViewController.swift */,
				072943722CB3717E007A73A4 /* ArticleModalViewController.swift */,
				07CCC6D42CB385D7004C5C12 /* ReportArticleModalViewController.swift */,
			);
			path = News;
			sourceTree = "<group>";
		};
		075810DD2CB9F73E00BF44A1 /* Network */ = {
			isa = PBXGroup;
			children = (
				075810DE2CB9F75100BF44A1 /* NetworkOverviewViewController.swift */,
				075810E72CBA121300BF44A1 /* NetworkHostDetailViewController.swift */,
				075810E02CB9F93500BF44A1 /* NetworkHostsViewController.swift */,
				615824A72CBCE8FA00E65D34 /* NetworkDeviceViewController.swift */,
				615824A92CBCE90A00E65D34 /* NetworkDeviceDetailViewController.swift */,
			);
			path = Network;
			sourceTree = "<group>";
		};
		075810E22CB9FC5B00BF44A1 /* Network */ = {
			isa = PBXGroup;
			children = (
				075810E32CB9FC6F00BF44A1 /* TicketResponse.swift */,
				075810E52CB9FC8C00BF44A1 /* HostJSON.swift */,
				5BA97F2E2CBCC51C00096985 /* NetworkHealthJSON.swift */,
				615824AF2CBCF16800E65D34 /* DeviceJSON.swift */,
			);
			path = Network;
			sourceTree = "<group>";
		};
		079519342CBF461E008A723C /* Skiliket_Reto_Tests */ = {
			isa = PBXGroup;
			children = (
				079519352CBF461E008A723C /* Skiliket_Reto_Tests.swift */,
				0795193C2CBF47CE008A723C /* News_Tests.swift */,
			);
			path = Skiliket_Reto_Tests;
			sourceTree = "<group>";
		};
		5B442B7C2CB5EC8800B15CE6 /* Profile */ = {
			isa = PBXGroup;
			children = (
				5B442B792CB5EBC500B15CE6 /* ProfileViewController.swift */,
				5B679E3B2CB61C19000E0822 /* EditProfileViewController.swift */,
			);
			path = Profile;
			sourceTree = "<group>";
		};
		6134AE202CB2E536002FD3CF /* Project */ = {
			isa = PBXGroup;
			children = (
				6134AE212CB2E560002FD3CF /* ListProjectsViewController.swift */,
				6134AE252CB4269D002FD3CF /* DetailedProjectViewController.swift */,
				6134AE292CB44946002FD3CF /* CreateReportViewController.swift */,
				6134AE2B2CB450EB002FD3CF /* CreateProjectViewController.swift */,
			);
			path = Project;
			sourceTree = "<group>";
		};
		B96BED542CB75061008A5CEF /* Signup */ = {
			isa = PBXGroup;
			children = (
				B96BED592CB75C71008A5CEF /* PrivacyPolicyViewController.swift */,
			);
			path = Signup;
			sourceTree = "<group>";
		};
		B96BED5B2CBDDFEC008A5CEF /* Temperature */ = {
			isa = PBXGroup;
			children = (
				B96BED5C2CBDE00E008A5CEF /* Temperature.swift */,
				B96BED5E2CBDE023008A5CEF /* TemperaturePT.swift */,
				5B8B04742CBFA95D0035B25A /* TemperatureData.swift */,
			);
			path = Temperature;
			sourceTree = "<group>";
		};
		B96BED602CBDE5BE008A5CEF /* Dashboard */ = {
			isa = PBXGroup;
			children = (
				B96BED632CBDE667008A5CEF /* CitySelectionViewController.swift */,
				B96BED612CBDE608008A5CEF /* SensorSelectionViewController.swift */,
				B96BED652CBDE69F008A5CEF /* GraphViewController.swift */,
				B9F8FCDC2CBF187A00A2007E /* HumidityGraphViewController.swift */,
				B9FF5ED32CBF71A300BBB80A /* SmokeGraphViewController.swift */,
				B9F8FCE02CBF1E2500A2007E /* SoundGraphViewController.swift */,
				B9FF5ED72CBF806D00BBB80A /* LightGraphViewController.swift */,
			);
			path = Dashboard;
			sourceTree = "<group>";
		};
		B9F8FCC62CBEFECD00A2007E /* Humidity */ = {
			isa = PBXGroup;
			children = (
				B9F8FCCA2CBEFF3D00A2007E /* Humidity.swift */,
				B9F8FCCC2CBEFF5900A2007E /* HumidityPT.swift */,
				5B8B04762CBFD0430035B25A /* HumidityData.swift */,
			);
			path = Humidity;
			sourceTree = "<group>";
		};
		B9F8FCC72CBEFEEC00A2007E /* Sound */ = {
			isa = PBXGroup;
			children = (
				B9F8FCCE2CBEFF6B00A2007E /* Sound.swift */,
				B9F8FCD02CBEFF7800A2007E /* SoundPT.swift */,
			);
			path = Sound;
			sourceTree = "<group>";
		};
		B9F8FCC82CBEFF0100A2007E /* Smoke */ = {
			isa = PBXGroup;
			children = (
				B9F8FCD42CBEFF9300A2007E /* Smoke.swift */,
				B9F8FCD22CBEFF8700A2007E /* SmokePT.swift */,
				5B8B04782CBFE2CD0035B25A /* SmokeData.swift */,
			);
			path = Smoke;
			sourceTree = "<group>";
		};
		B9F8FCC92CBEFF2100A2007E /* Light */ = {
			isa = PBXGroup;
			children = (
				B9F8FCD62CBEFFA100A2007E /* Light.swift */,
				B9F8FCD82CBEFFAC00A2007E /* LightPT.swift */,
			);
			path = Light;
			sourceTree = "<group>";
		};
/* End PBXGroup section */

/* Begin PBXNativeTarget section */
		0706D4392CAF660100642708 /* Skiliket_Reto */ = {
			isa = PBXNativeTarget;
			buildConfigurationList = 0706D44E2CAF660200642708 /* Build configuration list for PBXNativeTarget "Skiliket_Reto" */;
			buildPhases = (
				0706D4362CAF660100642708 /* Sources */,
				0706D4372CAF660100642708 /* Frameworks */,
				0706D4382CAF660100642708 /* Resources */,
			);
			buildRules = (
			);
			dependencies = (
			);
			name = Skiliket_Reto;
			productName = Skiliket_Reto;
			productReference = 0706D43A2CAF660100642708 /* Skiliket_Reto.app */;
			productType = "com.apple.product-type.application";
		};
		079519322CBF461E008A723C /* Skiliket_Reto_Tests */ = {
			isa = PBXNativeTarget;
			buildConfigurationList = 0795193B2CBF461F008A723C /* Build configuration list for PBXNativeTarget "Skiliket_Reto_Tests" */;
			buildPhases = (
				0795192F2CBF461E008A723C /* Sources */,
				079519302CBF461E008A723C /* Frameworks */,
				079519312CBF461E008A723C /* Resources */,
			);
			buildRules = (
			);
			dependencies = (
				079519382CBF461E008A723C /* PBXTargetDependency */,
			);
			name = Skiliket_Reto_Tests;
			productName = Skiliket_Reto_Tests;
			productReference = 079519332CBF461E008A723C /* Skiliket_Reto_Tests.xctest */;
			productType = "com.apple.product-type.bundle.unit-test";
		};
/* End PBXNativeTarget section */

/* Begin PBXProject section */
		0706D4322CAF660100642708 /* Project object */ = {
			isa = PBXProject;
			attributes = {
				BuildIndependentTargetsInParallel = 1;
				LastSwiftUpdateCheck = 1540;
				LastUpgradeCheck = 1540;
				TargetAttributes = {
					0706D4392CAF660100642708 = {
						CreatedOnToolsVersion = 15.4;
					};
					079519322CBF461E008A723C = {
						CreatedOnToolsVersion = 15.4;
						TestTargetID = 0706D4392CAF660100642708;
					};
				};
			};
			buildConfigurationList = 0706D4352CAF660100642708 /* Build configuration list for PBXProject "Skiliket_Reto" */;
			compatibilityVersion = "Xcode 14.0";
			developmentRegion = en;
			hasScannedForEncodings = 0;
			knownRegions = (
				en,
				Base,
			);
			mainGroup = 0706D4312CAF660100642708;
			productRefGroup = 0706D43B2CAF660100642708 /* Products */;
			projectDirPath = "";
			projectRoot = "";
			targets = (
				0706D4392CAF660100642708 /* Skiliket_Reto */,
				079519322CBF461E008A723C /* Skiliket_Reto_Tests */,
			);
		};
/* End PBXProject section */

/* Begin PBXResourcesBuildPhase section */
		0706D4382CAF660100642708 /* Resources */ = {
			isa = PBXResourcesBuildPhase;
			buildActionMask = 2147483647;
			files = (
				0706D4472CAF660200642708 /* Assets.xcassets in Resources */,
				0706D44A2CAF660200642708 /* Base in Resources */,
				0706D4452CAF660100642708 /* Base in Resources */,
			);
			runOnlyForDeploymentPostprocessing = 0;
		};
		079519312CBF461E008A723C /* Resources */ = {
			isa = PBXResourcesBuildPhase;
			buildActionMask = 2147483647;
			files = (
			);
			runOnlyForDeploymentPostprocessing = 0;
		};
/* End PBXResourcesBuildPhase section */

/* Begin PBXSourcesBuildPhase section */
		0706D4362CAF660100642708 /* Sources */ = {
			isa = PBXSourcesBuildPhase;
			buildActionMask = 2147483647;
			files = (
				615824AA2CBCE90A00E65D34 /* NetworkDeviceDetailViewController.swift in Sources */,
				B9F8FCDB2CBF029400A2007E /* HumidityLineChartUIView.swift in Sources */,
				6134AE2C2CB450EB002FD3CF /* CreateProjectViewController.swift in Sources */,
				B9FF5ED42CBF71A400BBB80A /* SmokeGraphViewController.swift in Sources */,
				5BA97F332CBD0B4800096985 /* NetworkClientsChartView.swift in Sources */,
				5B8B04792CBFE2CD0035B25A /* SmokeData.swift in Sources */,
				0706D45A2CB0C93B00642708 /* LoginViewController.swift in Sources */,
				B96BED622CBDE608008A5CEF /* SensorSelectionViewController.swift in Sources */,
				075810E12CB9F93500BF44A1 /* NetworkHostsViewController.swift in Sources */,
				B9F8FCE12CBF1E2500A2007E /* SoundGraphViewController.swift in Sources */,
				5B442B7A2CB5EBC500B15CE6 /* ProfileViewController.swift in Sources */,
				5BA97F312CBCD27700096985 /* NetworkHealthChartView.swift in Sources */,
				B96BED642CBDE667008A5CEF /* CitySelectionViewController.swift in Sources */,
				07CCC6D72CB3A282004C5C12 /* CreateArticleViewController.swift in Sources */,
				07CCC6D52CB385D7004C5C12 /* ReportArticleModalViewController.swift in Sources */,
				075810E82CBA121300BF44A1 /* NetworkHostDetailViewController.swift in Sources */,
				0706D4582CB0C2C800642708 /* InitialViewController.swift in Sources */,
				075810DF2CB9F75100BF44A1 /* NetworkOverviewViewController.swift in Sources */,
				0706D4552CB0B8B000642708 /* Graph.swift in Sources */,
				5B8B04772CBFD0430035B25A /* HumidityData.swift in Sources */,
				075810E62CB9FC8C00BF44A1 /* HostJSON.swift in Sources */,
				B9F8FCD32CBEFF8700A2007E /* SmokePT.swift in Sources */,
				B9F8FCCD2CBEFF5900A2007E /* HumidityPT.swift in Sources */,
				B9F8FCDF2CBF1DA800A2007E /* SoundLineChartUIView.swift in Sources */,
				B9F8FCD12CBEFF7800A2007E /* SoundPT.swift in Sources */,
				6134AE262CB4269D002FD3CF /* DetailedProjectViewController.swift in Sources */,
				0706D45D2CB0CEB800642708 /* ResponderUtils.swift in Sources */,
				072A844B2CB22C55006C8FE0 /* NewsArticle.swift in Sources */,
				B9FF5ED82CBF806D00BBB80A /* LightGraphViewController.swift in Sources */,
				B96BED562CB75875008A5CEF /* PrivacyPolicy.swift in Sources */,
				B9F8FCDD2CBF187A00A2007E /* HumidityGraphViewController.swift in Sources */,
				0706D4422CAF660100642708 /* ViewController.swift in Sources */,
				0706D43E2CAF660100642708 /* AppDelegate.swift in Sources */,
				6134AE242CB2E744002FD3CF /* Project.swift in Sources */,
				6134AE2A2CB44946002FD3CF /* CreateReportViewController.swift in Sources */,
				072943732CB3717E007A73A4 /* ArticleModalViewController.swift in Sources */,
				5B8B04752CBFA95D0035B25A /* TemperatureData.swift in Sources */,
				615824B02CBCF16800E65D34 /* DeviceJSON.swift in Sources */,
				B9FF5ED62CBF7FCF00BBB80A /* LightLineChartUIView.swift in Sources */,
				B9F8FCCB2CBEFF3D00A2007E /* Humidity.swift in Sources */,
				B96BED5F2CBDE023008A5CEF /* TemperaturePT.swift in Sources */,
				072A844D2CB31C0A006C8FE0 /* ArticleViewController.swift in Sources */,
				0706D4402CAF660100642708 /* SceneDelegate.swift in Sources */,
				5B442B732CB4B4B200B15CE6 /* Profile.swift in Sources */,
				072A84492CB22818006C8FE0 /* NewsFeedViewController.swift in Sources */,
				B9F8FCD72CBEFFA100A2007E /* Light.swift in Sources */,
				B9F8FCD92CBEFFAC00A2007E /* LightPT.swift in Sources */,
				615824A82CBCE8FA00E65D34 /* NetworkDeviceViewController.swift in Sources */,
				B96BED682CBDE749008A5CEF /* TemperatureLineChartUIView.swift in Sources */,
				B96BED5A2CB75C71008A5CEF /* PrivacyPolicyViewController.swift in Sources */,
				B9F8FCCF2CBEFF6B00A2007E /* Sound.swift in Sources */,
				B9FF5ED22CBF670600BBB80A /* SmokeLineChartUIView.swift in Sources */,
				B9F8FCD52CBEFF9300A2007E /* Smoke.swift in Sources */,
				B96BED662CBDE69F008A5CEF /* GraphViewController.swift in Sources */,
				5BA97F2F2CBCC51C00096985 /* NetworkHealthJSON.swift in Sources */,
				6134AE222CB2E560002FD3CF /* ListProjectsViewController.swift in Sources */,
				075810E42CB9FC6F00BF44A1 /* TicketResponse.swift in Sources */,
				B96BED5D2CBDE00E008A5CEF /* Temperature.swift in Sources */,
				5B679E3C2CB61C19000E0822 /* EditProfileViewController.swift in Sources */,
			);
			runOnlyForDeploymentPostprocessing = 0;
		};
		0795192F2CBF461E008A723C /* Sources */ = {
			isa = PBXSourcesBuildPhase;
			buildActionMask = 2147483647;
			files = (
				0795193D2CBF47CE008A723C /* News_Tests.swift in Sources */,
				079519362CBF461E008A723C /* Skiliket_Reto_Tests.swift in Sources */,
			);
			runOnlyForDeploymentPostprocessing = 0;
		};
/* End PBXSourcesBuildPhase section */

/* Begin PBXTargetDependency section */
		079519382CBF461E008A723C /* PBXTargetDependency */ = {
			isa = PBXTargetDependency;
			target = 0706D4392CAF660100642708 /* Skiliket_Reto */;
			targetProxy = 079519372CBF461E008A723C /* PBXContainerItemProxy */;
		};
/* End PBXTargetDependency section */

/* Begin PBXVariantGroup section */
		0706D4432CAF660100642708 /* Main.storyboard */ = {
			isa = PBXVariantGroup;
			children = (
				0706D4442CAF660100642708 /* Base */,
			);
			name = Main.storyboard;
			sourceTree = "<group>";
		};
		0706D4482CAF660200642708 /* LaunchScreen.storyboard */ = {
			isa = PBXVariantGroup;
			children = (
				0706D4492CAF660200642708 /* Base */,
			);
			name = LaunchScreen.storyboard;
			sourceTree = "<group>";
		};
/* End PBXVariantGroup section */

/* Begin XCBuildConfiguration section */
		0706D44C2CAF660200642708 /* Debug */ = {
			isa = XCBuildConfiguration;
			buildSettings = {
				ALWAYS_SEARCH_USER_PATHS = NO;
				ASSETCATALOG_COMPILER_GENERATE_SWIFT_ASSET_SYMBOL_EXTENSIONS = YES;
				CLANG_ANALYZER_NONNULL = YES;
				CLANG_ANALYZER_NUMBER_OBJECT_CONVERSION = YES_AGGRESSIVE;
				CLANG_CXX_LANGUAGE_STANDARD = "gnu++20";
				CLANG_ENABLE_MODULES = YES;
				CLANG_ENABLE_OBJC_ARC = YES;
				CLANG_ENABLE_OBJC_WEAK = YES;
				CLANG_WARN_BLOCK_CAPTURE_AUTORELEASING = YES;
				CLANG_WARN_BOOL_CONVERSION = YES;
				CLANG_WARN_COMMA = YES;
				CLANG_WARN_CONSTANT_CONVERSION = YES;
				CLANG_WARN_DEPRECATED_OBJC_IMPLEMENTATIONS = YES;
				CLANG_WARN_DIRECT_OBJC_ISA_USAGE = YES_ERROR;
				CLANG_WARN_DOCUMENTATION_COMMENTS = YES;
				CLANG_WARN_EMPTY_BODY = YES;
				CLANG_WARN_ENUM_CONVERSION = YES;
				CLANG_WARN_INFINITE_RECURSION = YES;
				CLANG_WARN_INT_CONVERSION = YES;
				CLANG_WARN_NON_LITERAL_NULL_CONVERSION = YES;
				CLANG_WARN_OBJC_IMPLICIT_RETAIN_SELF = YES;
				CLANG_WARN_OBJC_LITERAL_CONVERSION = YES;
				CLANG_WARN_OBJC_ROOT_CLASS = YES_ERROR;
				CLANG_WARN_QUOTED_INCLUDE_IN_FRAMEWORK_HEADER = YES;
				CLANG_WARN_RANGE_LOOP_ANALYSIS = YES;
				CLANG_WARN_STRICT_PROTOTYPES = YES;
				CLANG_WARN_SUSPICIOUS_MOVE = YES;
				CLANG_WARN_UNGUARDED_AVAILABILITY = YES_AGGRESSIVE;
				CLANG_WARN_UNREACHABLE_CODE = YES;
				CLANG_WARN__DUPLICATE_METHOD_MATCH = YES;
				COPY_PHASE_STRIP = NO;
				DEBUG_INFORMATION_FORMAT = dwarf;
				ENABLE_STRICT_OBJC_MSGSEND = YES;
				ENABLE_TESTABILITY = YES;
				ENABLE_USER_SCRIPT_SANDBOXING = YES;
				GCC_C_LANGUAGE_STANDARD = gnu17;
				GCC_DYNAMIC_NO_PIC = NO;
				GCC_NO_COMMON_BLOCKS = YES;
				GCC_OPTIMIZATION_LEVEL = 0;
				GCC_PREPROCESSOR_DEFINITIONS = (
					"DEBUG=1",
					"$(inherited)",
				);
				GCC_WARN_64_TO_32_BIT_CONVERSION = YES;
				GCC_WARN_ABOUT_RETURN_TYPE = YES_ERROR;
				GCC_WARN_UNDECLARED_SELECTOR = YES;
				GCC_WARN_UNINITIALIZED_AUTOS = YES_AGGRESSIVE;
				GCC_WARN_UNUSED_FUNCTION = YES;
				GCC_WARN_UNUSED_VARIABLE = YES;
				IPHONEOS_DEPLOYMENT_TARGET = 17.5;
				LOCALIZATION_PREFERS_STRING_CATALOGS = YES;
				MTL_ENABLE_DEBUG_INFO = INCLUDE_SOURCE;
				MTL_FAST_MATH = YES;
				ONLY_ACTIVE_ARCH = YES;
				SDKROOT = iphoneos;
				SWIFT_ACTIVE_COMPILATION_CONDITIONS = "DEBUG $(inherited)";
				SWIFT_OPTIMIZATION_LEVEL = "-Onone";
			};
			name = Debug;
		};
		0706D44D2CAF660200642708 /* Release */ = {
			isa = XCBuildConfiguration;
			buildSettings = {
				ALWAYS_SEARCH_USER_PATHS = NO;
				ASSETCATALOG_COMPILER_GENERATE_SWIFT_ASSET_SYMBOL_EXTENSIONS = YES;
				CLANG_ANALYZER_NONNULL = YES;
				CLANG_ANALYZER_NUMBER_OBJECT_CONVERSION = YES_AGGRESSIVE;
				CLANG_CXX_LANGUAGE_STANDARD = "gnu++20";
				CLANG_ENABLE_MODULES = YES;
				CLANG_ENABLE_OBJC_ARC = YES;
				CLANG_ENABLE_OBJC_WEAK = YES;
				CLANG_WARN_BLOCK_CAPTURE_AUTORELEASING = YES;
				CLANG_WARN_BOOL_CONVERSION = YES;
				CLANG_WARN_COMMA = YES;
				CLANG_WARN_CONSTANT_CONVERSION = YES;
				CLANG_WARN_DEPRECATED_OBJC_IMPLEMENTATIONS = YES;
				CLANG_WARN_DIRECT_OBJC_ISA_USAGE = YES_ERROR;
				CLANG_WARN_DOCUMENTATION_COMMENTS = YES;
				CLANG_WARN_EMPTY_BODY = YES;
				CLANG_WARN_ENUM_CONVERSION = YES;
				CLANG_WARN_INFINITE_RECURSION = YES;
				CLANG_WARN_INT_CONVERSION = YES;
				CLANG_WARN_NON_LITERAL_NULL_CONVERSION = YES;
				CLANG_WARN_OBJC_IMPLICIT_RETAIN_SELF = YES;
				CLANG_WARN_OBJC_LITERAL_CONVERSION = YES;
				CLANG_WARN_OBJC_ROOT_CLASS = YES_ERROR;
				CLANG_WARN_QUOTED_INCLUDE_IN_FRAMEWORK_HEADER = YES;
				CLANG_WARN_RANGE_LOOP_ANALYSIS = YES;
				CLANG_WARN_STRICT_PROTOTYPES = YES;
				CLANG_WARN_SUSPICIOUS_MOVE = YES;
				CLANG_WARN_UNGUARDED_AVAILABILITY = YES_AGGRESSIVE;
				CLANG_WARN_UNREACHABLE_CODE = YES;
				CLANG_WARN__DUPLICATE_METHOD_MATCH = YES;
				COPY_PHASE_STRIP = NO;
				DEBUG_INFORMATION_FORMAT = "dwarf-with-dsym";
				ENABLE_NS_ASSERTIONS = NO;
				ENABLE_STRICT_OBJC_MSGSEND = YES;
				ENABLE_USER_SCRIPT_SANDBOXING = YES;
				GCC_C_LANGUAGE_STANDARD = gnu17;
				GCC_NO_COMMON_BLOCKS = YES;
				GCC_WARN_64_TO_32_BIT_CONVERSION = YES;
				GCC_WARN_ABOUT_RETURN_TYPE = YES_ERROR;
				GCC_WARN_UNDECLARED_SELECTOR = YES;
				GCC_WARN_UNINITIALIZED_AUTOS = YES_AGGRESSIVE;
				GCC_WARN_UNUSED_FUNCTION = YES;
				GCC_WARN_UNUSED_VARIABLE = YES;
				IPHONEOS_DEPLOYMENT_TARGET = 17.5;
				LOCALIZATION_PREFERS_STRING_CATALOGS = YES;
				MTL_ENABLE_DEBUG_INFO = NO;
				MTL_FAST_MATH = YES;
				SDKROOT = iphoneos;
				SWIFT_COMPILATION_MODE = wholemodule;
				VALIDATE_PRODUCT = YES;
			};
			name = Release;
		};
		0706D44F2CAF660200642708 /* Debug */ = {
			isa = XCBuildConfiguration;
			buildSettings = {
				ASSETCATALOG_COMPILER_APPICON_NAME = AppIcon;
				ASSETCATALOG_COMPILER_GLOBAL_ACCENT_COLOR_NAME = AccentColor;
				CODE_SIGN_STYLE = Automatic;
				CURRENT_PROJECT_VERSION = 1;
				GENERATE_INFOPLIST_FILE = YES;
				INFOPLIST_FILE = Skiliket_Reto/Info.plist;
				INFOPLIST_KEY_UIApplicationSupportsIndirectInputEvents = YES;
				INFOPLIST_KEY_UILaunchStoryboardName = LaunchScreen;
				INFOPLIST_KEY_UIMainStoryboardFile = Main;
				INFOPLIST_KEY_UISupportedInterfaceOrientations_iPad = "UIInterfaceOrientationPortrait UIInterfaceOrientationPortraitUpsideDown UIInterfaceOrientationLandscapeLeft UIInterfaceOrientationLandscapeRight";
				INFOPLIST_KEY_UISupportedInterfaceOrientations_iPhone = "UIInterfaceOrientationPortrait UIInterfaceOrientationLandscapeLeft UIInterfaceOrientationLandscapeRight";
				LD_RUNPATH_SEARCH_PATHS = (
					"$(inherited)",
					"@executable_path/Frameworks",
				);
				MARKETING_VERSION = 1.0;
				PRODUCT_BUNDLE_IDENTIFIER = "carlospaez.Skiliket-Reto";
				PRODUCT_NAME = "$(TARGET_NAME)";
				SWIFT_EMIT_LOC_STRINGS = YES;
				SWIFT_VERSION = 5.0;
				TARGETED_DEVICE_FAMILY = "1,2";
			};
			name = Debug;
		};
		0706D4502CAF660200642708 /* Release */ = {
			isa = XCBuildConfiguration;
			buildSettings = {
				ASSETCATALOG_COMPILER_APPICON_NAME = AppIcon;
				ASSETCATALOG_COMPILER_GLOBAL_ACCENT_COLOR_NAME = AccentColor;
				CODE_SIGN_STYLE = Automatic;
				CURRENT_PROJECT_VERSION = 1;
				GENERATE_INFOPLIST_FILE = YES;
				INFOPLIST_FILE = Skiliket_Reto/Info.plist;
				INFOPLIST_KEY_UIApplicationSupportsIndirectInputEvents = YES;
				INFOPLIST_KEY_UILaunchStoryboardName = LaunchScreen;
				INFOPLIST_KEY_UIMainStoryboardFile = Main;
				INFOPLIST_KEY_UISupportedInterfaceOrientations_iPad = "UIInterfaceOrientationPortrait UIInterfaceOrientationPortraitUpsideDown UIInterfaceOrientationLandscapeLeft UIInterfaceOrientationLandscapeRight";
				INFOPLIST_KEY_UISupportedInterfaceOrientations_iPhone = "UIInterfaceOrientationPortrait UIInterfaceOrientationLandscapeLeft UIInterfaceOrientationLandscapeRight";
				LD_RUNPATH_SEARCH_PATHS = (
					"$(inherited)",
					"@executable_path/Frameworks",
				);
				MARKETING_VERSION = 1.0;
				PRODUCT_BUNDLE_IDENTIFIER = "carlospaez.Skiliket-Reto";
				PRODUCT_NAME = "$(TARGET_NAME)";
				SWIFT_EMIT_LOC_STRINGS = YES;
				SWIFT_VERSION = 5.0;
				TARGETED_DEVICE_FAMILY = "1,2";
			};
			name = Release;
		};
		079519392CBF461E008A723C /* Debug */ = {
			isa = XCBuildConfiguration;
			buildSettings = {
				BUNDLE_LOADER = "$(TEST_HOST)";
				CODE_SIGN_STYLE = Automatic;
				CURRENT_PROJECT_VERSION = 1;
				GENERATE_INFOPLIST_FILE = YES;
				MARKETING_VERSION = 1.0;
				PRODUCT_BUNDLE_IDENTIFIER = "carlospaez.Skiliket-Reto-Tests";
				PRODUCT_NAME = "$(TARGET_NAME)";
				SWIFT_EMIT_LOC_STRINGS = NO;
				SWIFT_VERSION = 5.0;
				TARGETED_DEVICE_FAMILY = "1,2";
				TEST_HOST = "$(BUILT_PRODUCTS_DIR)/Skiliket_Reto.app/$(BUNDLE_EXECUTABLE_FOLDER_PATH)/Skiliket_Reto";
			};
			name = Debug;
		};
		0795193A2CBF461E008A723C /* Release */ = {
			isa = XCBuildConfiguration;
			buildSettings = {
				BUNDLE_LOADER = "$(TEST_HOST)";
				CODE_SIGN_STYLE = Automatic;
				CURRENT_PROJECT_VERSION = 1;
				GENERATE_INFOPLIST_FILE = YES;
				MARKETING_VERSION = 1.0;
				PRODUCT_BUNDLE_IDENTIFIER = "carlospaez.Skiliket-Reto-Tests";
				PRODUCT_NAME = "$(TARGET_NAME)";
				SWIFT_EMIT_LOC_STRINGS = NO;
				SWIFT_VERSION = 5.0;
				TARGETED_DEVICE_FAMILY = "1,2";
				TEST_HOST = "$(BUILT_PRODUCTS_DIR)/Skiliket_Reto.app/$(BUNDLE_EXECUTABLE_FOLDER_PATH)/Skiliket_Reto";
			};
			name = Release;
		};
/* End XCBuildConfiguration section */

/* Begin XCConfigurationList section */
		0706D4352CAF660100642708 /* Build configuration list for PBXProject "Skiliket_Reto" */ = {
			isa = XCConfigurationList;
			buildConfigurations = (
				0706D44C2CAF660200642708 /* Debug */,
				0706D44D2CAF660200642708 /* Release */,
			);
			defaultConfigurationIsVisible = 0;
			defaultConfigurationName = Release;
		};
		0706D44E2CAF660200642708 /* Build configuration list for PBXNativeTarget "Skiliket_Reto" */ = {
			isa = XCConfigurationList;
			buildConfigurations = (
				0706D44F2CAF660200642708 /* Debug */,
				0706D4502CAF660200642708 /* Release */,
			);
			defaultConfigurationIsVisible = 0;
			defaultConfigurationName = Release;
		};
		0795193B2CBF461F008A723C /* Build configuration list for PBXNativeTarget "Skiliket_Reto_Tests" */ = {
			isa = XCConfigurationList;
			buildConfigurations = (
				079519392CBF461E008A723C /* Debug */,
				0795193A2CBF461E008A723C /* Release */,
			);
			defaultConfigurationIsVisible = 0;
			defaultConfigurationName = Release;
		};
/* End XCConfigurationList section */
	};
	rootObject = 0706D4322CAF660100642708 /* Project object */;
}
