// !$*UTF8*$!
{
	archiveVersion = 1;
	classes = {
	};
	objectVersion = 56;
	objects = {

/* Begin PBXBuildFile section */
		0706D43E2CAF660100642708 /* AppDelegate.swift in Sources */ = {isa = PBXBuildFile; fileRef = 0706D43D2CAF660100642708 /* AppDelegate.swift */; };
		0706D4402CAF660100642708 /* SceneDelegate.swift in Sources */ = {isa = PBXBuildFile; fileRef = 0706D43F2CAF660100642708 /* SceneDelegate.swift */; };
		0706D4422CAF660100642708 /* ViewController.swift in Sources */ = {isa = PBXBuildFile; fileRef = 0706D4412CAF660100642708 /* ViewController.swift */; };
		0706D4452CAF660100642708 /* Base in Resources */ = {isa = PBXBuildFile; fileRef = 0706D4442CAF660100642708 /* Base */; };
		0706D4472CAF660200642708 /* Assets.xcassets in Resources */ = {isa = PBXBuildFile; fileRef = 0706D4462CAF660200642708 /* Assets.xcassets */; };
		0706D44A2CAF660200642708 /* Base in Resources */ = {isa = PBXBuildFile; fileRef = 0706D4492CAF660200642708 /* Base */; };
		0706D4552CB0B8B000642708 /* Graph.swift in Sources */ = {isa = PBXBuildFile; fileRef = 0706D4542CB0B8B000642708 /* Graph.swift */; };
		0706D4582CB0C2C800642708 /* InitialViewController.swift in Sources */ = {isa = PBXBuildFile; fileRef = 0706D4572CB0C2C800642708 /* InitialViewController.swift */; };
		0706D45A2CB0C93B00642708 /* LoginViewController.swift in Sources */ = {isa = PBXBuildFile; fileRef = 0706D4592CB0C93B00642708 /* LoginViewController.swift */; };
		0706D45D2CB0CEB800642708 /* ResponderUtils.swift in Sources */ = {isa = PBXBuildFile; fileRef = 0706D45C2CB0CEB700642708 /* ResponderUtils.swift */; };
		072943732CB3717E007A73A4 /* ArticleModalViewController.swift in Sources */ = {isa = PBXBuildFile; fileRef = 072943722CB3717E007A73A4 /* ArticleModalViewController.swift */; };
		072A84492CB22818006C8FE0 /* NewsFeedViewController.swift in Sources */ = {isa = PBXBuildFile; fileRef = 072A84482CB22818006C8FE0 /* NewsFeedViewController.swift */; };
		072A844B2CB22C55006C8FE0 /* NewsArticle.swift in Sources */ = {isa = PBXBuildFile; fileRef = 072A844A2CB22C55006C8FE0 /* NewsArticle.swift */; };
		072A844D2CB31C0A006C8FE0 /* ArticleViewController.swift in Sources */ = {isa = PBXBuildFile; fileRef = 072A844C2CB31C0A006C8FE0 /* ArticleViewController.swift */; };
		07CCC6D52CB385D7004C5C12 /* ReportArticleModalViewController.swift in Sources */ = {isa = PBXBuildFile; fileRef = 07CCC6D42CB385D7004C5C12 /* ReportArticleModalViewController.swift */; };
		07CCC6D72CB3A282004C5C12 /* CreateArticleViewController.swift in Sources */ = {isa = PBXBuildFile; fileRef = 07CCC6D62CB3A282004C5C12 /* CreateArticleViewController.swift */; };
		6134AE222CB2E560002FD3CF /* ListProjectsViewController.swift in Sources */ = {isa = PBXBuildFile; fileRef = 6134AE212CB2E560002FD3CF /* ListProjectsViewController.swift */; };
		6134AE242CB2E744002FD3CF /* Project.swift in Sources */ = {isa = PBXBuildFile; fileRef = 6134AE232CB2E744002FD3CF /* Project.swift */; };
/* End PBXBuildFile section */

/* Begin PBXFileReference section */
		0706D43A2CAF660100642708 /* Skiliket_Reto.app */ = {isa = PBXFileReference; explicitFileType = wrapper.application; includeInIndex = 0; path = Skiliket_Reto.app; sourceTree = BUILT_PRODUCTS_DIR; };
		0706D43D2CAF660100642708 /* AppDelegate.swift */ = {isa = PBXFileReference; lastKnownFileType = sourcecode.swift; path = AppDelegate.swift; sourceTree = "<group>"; };
		0706D43F2CAF660100642708 /* SceneDelegate.swift */ = {isa = PBXFileReference; lastKnownFileType = sourcecode.swift; path = SceneDelegate.swift; sourceTree = "<group>"; };
		0706D4412CAF660100642708 /* ViewController.swift */ = {isa = PBXFileReference; lastKnownFileType = sourcecode.swift; path = ViewController.swift; sourceTree = "<group>"; };
		0706D4442CAF660100642708 /* Base */ = {isa = PBXFileReference; lastKnownFileType = file.storyboard; name = Base; path = Base.lproj/Main.storyboard; sourceTree = "<group>"; };
		0706D4462CAF660200642708 /* Assets.xcassets */ = {isa = PBXFileReference; lastKnownFileType = folder.assetcatalog; path = Assets.xcassets; sourceTree = "<group>"; };
		0706D4492CAF660200642708 /* Base */ = {isa = PBXFileReference; lastKnownFileType = file.storyboard; name = Base; path = Base.lproj/LaunchScreen.storyboard; sourceTree = "<group>"; };
		0706D44B2CAF660200642708 /* Info.plist */ = {isa = PBXFileReference; lastKnownFileType = text.plist.xml; path = Info.plist; sourceTree = "<group>"; };
		0706D4542CB0B8B000642708 /* Graph.swift */ = {isa = PBXFileReference; lastKnownFileType = sourcecode.swift; path = Graph.swift; sourceTree = "<group>"; };
		0706D4572CB0C2C800642708 /* InitialViewController.swift */ = {isa = PBXFileReference; lastKnownFileType = sourcecode.swift; path = InitialViewController.swift; sourceTree = "<group>"; };
		0706D4592CB0C93B00642708 /* LoginViewController.swift */ = {isa = PBXFileReference; lastKnownFileType = sourcecode.swift; path = LoginViewController.swift; sourceTree = "<group>"; };
		0706D45C2CB0CEB700642708 /* ResponderUtils.swift */ = {isa = PBXFileReference; lastKnownFileType = sourcecode.swift; path = ResponderUtils.swift; sourceTree = "<group>"; };
		072943722CB3717E007A73A4 /* ArticleModalViewController.swift */ = {isa = PBXFileReference; lastKnownFileType = sourcecode.swift; path = ArticleModalViewController.swift; sourceTree = "<group>"; };
		072A84482CB22818006C8FE0 /* NewsFeedViewController.swift */ = {isa = PBXFileReference; lastKnownFileType = sourcecode.swift; path = NewsFeedViewController.swift; sourceTree = "<group>"; };
		072A844A2CB22C55006C8FE0 /* NewsArticle.swift */ = {isa = PBXFileReference; lastKnownFileType = sourcecode.swift; path = NewsArticle.swift; sourceTree = "<group>"; };
		072A844C2CB31C0A006C8FE0 /* ArticleViewController.swift */ = {isa = PBXFileReference; lastKnownFileType = sourcecode.swift; path = ArticleViewController.swift; sourceTree = "<group>"; };
		07CCC6D42CB385D7004C5C12 /* ReportArticleModalViewController.swift */ = {isa = PBXFileReference; lastKnownFileType = sourcecode.swift; path = ReportArticleModalViewController.swift; sourceTree = "<group>"; };
		07CCC6D62CB3A282004C5C12 /* CreateArticleViewController.swift */ = {isa = PBXFileReference; lastKnownFileType = sourcecode.swift; path = CreateArticleViewController.swift; sourceTree = "<group>"; };
		6134AE212CB2E560002FD3CF /* ListProjectsViewController.swift */ = {isa = PBXFileReference; lastKnownFileType = sourcecode.swift; path = ListProjectsViewController.swift; sourceTree = "<group>"; };
		6134AE232CB2E744002FD3CF /* Project.swift */ = {isa = PBXFileReference; lastKnownFileType = sourcecode.swift; path = Project.swift; sourceTree = "<group>"; };
/* End PBXFileReference section */

/* Begin PBXFrameworksBuildPhase section */
		0706D4372CAF660100642708 /* Frameworks */ = {
			isa = PBXFrameworksBuildPhase;
			buildActionMask = 2147483647;
			files = (
			);
			runOnlyForDeploymentPostprocessing = 0;
		};
/* End PBXFrameworksBuildPhase section */

/* Begin PBXGroup section */
		0706D4312CAF660100642708 = {
			isa = PBXGroup;
			children = (
				0706D43C2CAF660100642708 /* Skiliket_Reto */,
				0706D43B2CAF660100642708 /* Products */,
			);
			sourceTree = "<group>";
		};
		0706D43B2CAF660100642708 /* Products */ = {
			isa = PBXGroup;
			children = (
				0706D43A2CAF660100642708 /* Skiliket_Reto.app */,
			);
			name = Products;
			sourceTree = "<group>";
		};
		0706D43C2CAF660100642708 /* Skiliket_Reto */ = {
			isa = PBXGroup;
			children = (
				0706D45B2CB0CEA000642708 /* Utils */,
				0706D4532CAF661E00642708 /* Controllers */,
				0706D4522CAF661A00642708 /* Views */,
				0706D4512CAF661500642708 /* Models */,
				0706D4462CAF660200642708 /* Assets.xcassets */,
				0706D44B2CAF660200642708 /* Info.plist */,
			);
			path = Skiliket_Reto;
			sourceTree = "<group>";
		};
		0706D4512CAF661500642708 /* Models */ = {
			isa = PBXGroup;
			children = (
				072A844A2CB22C55006C8FE0 /* NewsArticle.swift */,
				6134AE232CB2E744002FD3CF /* Project.swift */,
			);
			path = Models;
			sourceTree = "<group>";
		};
		0706D4522CAF661A00642708 /* Views */ = {
			isa = PBXGroup;
			children = (
				0706D4432CAF660100642708 /* Main.storyboard */,
				0706D4482CAF660200642708 /* LaunchScreen.storyboard */,
				0706D4542CB0B8B000642708 /* Graph.swift */,
			);
			path = Views;
			sourceTree = "<group>";
		};
		0706D4532CAF661E00642708 /* Controllers */ = {
			isa = PBXGroup;
			children = (
				6134AE202CB2E536002FD3CF /* Project */,
				072A84472CB22805006C8FE0 /* News */,
				0706D4562CB0C2A600642708 /* Login */,
				0706D43D2CAF660100642708 /* AppDelegate.swift */,
				0706D43F2CAF660100642708 /* SceneDelegate.swift */,
				0706D4412CAF660100642708 /* ViewController.swift */,
			);
			path = Controllers;
			sourceTree = "<group>";
		};
		0706D4562CB0C2A600642708 /* Login */ = {
			isa = PBXGroup;
			children = (
				0706D4572CB0C2C800642708 /* InitialViewController.swift */,
				0706D4592CB0C93B00642708 /* LoginViewController.swift */,
			);
			path = Login;
			sourceTree = "<group>";
		};
		0706D45B2CB0CEA000642708 /* Utils */ = {
			isa = PBXGroup;
			children = (
				0706D45C2CB0CEB700642708 /* ResponderUtils.swift */,
			);
			path = Utils;
			sourceTree = "<group>";
		};
		072A84472CB22805006C8FE0 /* News */ = {
			isa = PBXGroup;
			children = (
				072A84482CB22818006C8FE0 /* NewsFeedViewController.swift */,
				07CCC6D62CB3A282004C5C12 /* CreateArticleViewController.swift */,
				072A844C2CB31C0A006C8FE0 /* ArticleViewController.swift */,
				072943722CB3717E007A73A4 /* ArticleModalViewController.swift */,
				07CCC6D42CB385D7004C5C12 /* ReportArticleModalViewController.swift */,
			);
			path = News;
			sourceTree = "<group>";
		};
		6134AE202CB2E536002FD3CF /* Project */ = {
			isa = PBXGroup;
			children = (
				6134AE212CB2E560002FD3CF /* ListProjectsViewController.swift */,
			);
			path = Project;
			sourceTree = "<group>";
		};
/* End PBXGroup section */

/* Begin PBXNativeTarget section */
		0706D4392CAF660100642708 /* Skiliket_Reto */ = {
			isa = PBXNativeTarget;
			buildConfigurationList = 0706D44E2CAF660200642708 /* Build configuration list for PBXNativeTarget "Skiliket_Reto" */;
			buildPhases = (
				0706D4362CAF660100642708 /* Sources */,
				0706D4372CAF660100642708 /* Frameworks */,
				0706D4382CAF660100642708 /* Resources */,
			);
			buildRules = (
			);
			dependencies = (
			);
			name = Skiliket_Reto;
			productName = Skiliket_Reto;
			productReference = 0706D43A2CAF660100642708 /* Skiliket_Reto.app */;
			productType = "com.apple.product-type.application";
		};
/* End PBXNativeTarget section */

/* Begin PBXProject section */
		0706D4322CAF660100642708 /* Project object */ = {
			isa = PBXProject;
			attributes = {
				BuildIndependentTargetsInParallel = 1;
				LastSwiftUpdateCheck = 1540;
				LastUpgradeCheck = 1540;
				TargetAttributes = {
					0706D4392CAF660100642708 = {
						CreatedOnToolsVersion = 15.4;
					};
				};
			};
			buildConfigurationList = 0706D4352CAF660100642708 /* Build configuration list for PBXProject "Skiliket_Reto" */;
			compatibilityVersion = "Xcode 14.0";
			developmentRegion = en;
			hasScannedForEncodings = 0;
			knownRegions = (
				en,
				Base,
			);
			mainGroup = 0706D4312CAF660100642708;
			productRefGroup = 0706D43B2CAF660100642708 /* Products */;
			projectDirPath = "";
			projectRoot = "";
			targets = (
				0706D4392CAF660100642708 /* Skiliket_Reto */,
			);
		};
/* End PBXProject section */

/* Begin PBXResourcesBuildPhase section */
		0706D4382CAF660100642708 /* Resources */ = {
			isa = PBXResourcesBuildPhase;
			buildActionMask = 2147483647;
			files = (
				0706D4472CAF660200642708 /* Assets.xcassets in Resources */,
				0706D44A2CAF660200642708 /* Base in Resources */,
				0706D4452CAF660100642708 /* Base in Resources */,
			);
			runOnlyForDeploymentPostprocessing = 0;
		};
/* End PBXResourcesBuildPhase section */

/* Begin PBXSourcesBuildPhase section */
		0706D4362CAF660100642708 /* Sources */ = {
			isa = PBXSourcesBuildPhase;
			buildActionMask = 2147483647;
			files = (
				0706D45A2CB0C93B00642708 /* LoginViewController.swift in Sources */,
				07CCC6D72CB3A282004C5C12 /* CreateArticleViewController.swift in Sources */,
				07CCC6D52CB385D7004C5C12 /* ReportArticleModalViewController.swift in Sources */,
				0706D4582CB0C2C800642708 /* InitialViewController.swift in Sources */,
				0706D4552CB0B8B000642708 /* Graph.swift in Sources */,
				0706D45D2CB0CEB800642708 /* ResponderUtils.swift in Sources */,
				072A844B2CB22C55006C8FE0 /* NewsArticle.swift in Sources */,
				0706D4422CAF660100642708 /* ViewController.swift in Sources */,
				0706D43E2CAF660100642708 /* AppDelegate.swift in Sources */,
				6134AE242CB2E744002FD3CF /* Project.swift in Sources */,
				072943732CB3717E007A73A4 /* ArticleModalViewController.swift in Sources */,
				072A844D2CB31C0A006C8FE0 /* ArticleViewController.swift in Sources */,
				0706D4402CAF660100642708 /* SceneDelegate.swift in Sources */,
				072A84492CB22818006C8FE0 /* NewsFeedViewController.swift in Sources */,
				6134AE222CB2E560002FD3CF /* ListProjectsViewController.swift in Sources */,
			);
			runOnlyForDeploymentPostprocessing = 0;
		};
/* End PBXSourcesBuildPhase section */

/* Begin PBXVariantGroup section */
		0706D4432CAF660100642708 /* Main.storyboard */ = {
			isa = PBXVariantGroup;
			children = (
				0706D4442CAF660100642708 /* Base */,
			);
			name = Main.storyboard;
			sourceTree = "<group>";
		};
		0706D4482CAF660200642708 /* LaunchScreen.storyboard */ = {
			isa = PBXVariantGroup;
			children = (
				0706D4492CAF660200642708 /* Base */,
			);
			name = LaunchScreen.storyboard;
			sourceTree = "<group>";
		};
/* End PBXVariantGroup section */

/* Begin XCBuildConfiguration section */
		0706D44C2CAF660200642708 /* Debug */ = {
			isa = XCBuildConfiguration;
			buildSettings = {
				ALWAYS_SEARCH_USER_PATHS = NO;
				ASSETCATALOG_COMPILER_GENERATE_SWIFT_ASSET_SYMBOL_EXTENSIONS = YES;
				CLANG_ANALYZER_NONNULL = YES;
				CLANG_ANALYZER_NUMBER_OBJECT_CONVERSION = YES_AGGRESSIVE;
				CLANG_CXX_LANGUAGE_STANDARD = "gnu++20";
				CLANG_ENABLE_MODULES = YES;
				CLANG_ENABLE_OBJC_ARC = YES;
				CLANG_ENABLE_OBJC_WEAK = YES;
				CLANG_WARN_BLOCK_CAPTURE_AUTORELEASING = YES;
				CLANG_WARN_BOOL_CONVERSION = YES;
				CLANG_WARN_COMMA = YES;
				CLANG_WARN_CONSTANT_CONVERSION = YES;
				CLANG_WARN_DEPRECATED_OBJC_IMPLEMENTATIONS = YES;
				CLANG_WARN_DIRECT_OBJC_ISA_USAGE = YES_ERROR;
				CLANG_WARN_DOCUMENTATION_COMMENTS = YES;
				CLANG_WARN_EMPTY_BODY = YES;
				CLANG_WARN_ENUM_CONVERSION = YES;
				CLANG_WARN_INFINITE_RECURSION = YES;
				CLANG_WARN_INT_CONVERSION = YES;
				CLANG_WARN_NON_LITERAL_NULL_CONVERSION = YES;
				CLANG_WARN_OBJC_IMPLICIT_RETAIN_SELF = YES;
				CLANG_WARN_OBJC_LITERAL_CONVERSION = YES;
				CLANG_WARN_OBJC_ROOT_CLASS = YES_ERROR;
				CLANG_WARN_QUOTED_INCLUDE_IN_FRAMEWORK_HEADER = YES;
				CLANG_WARN_RANGE_LOOP_ANALYSIS = YES;
				CLANG_WARN_STRICT_PROTOTYPES = YES;
				CLANG_WARN_SUSPICIOUS_MOVE = YES;
				CLANG_WARN_UNGUARDED_AVAILABILITY = YES_AGGRESSIVE;
				CLANG_WARN_UNREACHABLE_CODE = YES;
				CLANG_WARN__DUPLICATE_METHOD_MATCH = YES;
				COPY_PHASE_STRIP = NO;
				DEBUG_INFORMATION_FORMAT = dwarf;
				ENABLE_STRICT_OBJC_MSGSEND = YES;
				ENABLE_TESTABILITY = YES;
				ENABLE_USER_SCRIPT_SANDBOXING = YES;
				GCC_C_LANGUAGE_STANDARD = gnu17;
				GCC_DYNAMIC_NO_PIC = NO;
				GCC_NO_COMMON_BLOCKS = YES;
				GCC_OPTIMIZATION_LEVEL = 0;
				GCC_PREPROCESSOR_DEFINITIONS = (
					"DEBUG=1",
					"$(inherited)",
				);
				GCC_WARN_64_TO_32_BIT_CONVERSION = YES;
				GCC_WARN_ABOUT_RETURN_TYPE = YES_ERROR;
				GCC_WARN_UNDECLARED_SELECTOR = YES;
				GCC_WARN_UNINITIALIZED_AUTOS = YES_AGGRESSIVE;
				GCC_WARN_UNUSED_FUNCTION = YES;
				GCC_WARN_UNUSED_VARIABLE = YES;
				IPHONEOS_DEPLOYMENT_TARGET = 17.5;
				LOCALIZATION_PREFERS_STRING_CATALOGS = YES;
				MTL_ENABLE_DEBUG_INFO = INCLUDE_SOURCE;
				MTL_FAST_MATH = YES;
				ONLY_ACTIVE_ARCH = YES;
				SDKROOT = iphoneos;
				SWIFT_ACTIVE_COMPILATION_CONDITIONS = "DEBUG $(inherited)";
				SWIFT_OPTIMIZATION_LEVEL = "-Onone";
			};
			name = Debug;
		};
		0706D44D2CAF660200642708 /* Release */ = {
			isa = XCBuildConfiguration;
			buildSettings = {
				ALWAYS_SEARCH_USER_PATHS = NO;
				ASSETCATALOG_COMPILER_GENERATE_SWIFT_ASSET_SYMBOL_EXTENSIONS = YES;
				CLANG_ANALYZER_NONNULL = YES;
				CLANG_ANALYZER_NUMBER_OBJECT_CONVERSION = YES_AGGRESSIVE;
				CLANG_CXX_LANGUAGE_STANDARD = "gnu++20";
				CLANG_ENABLE_MODULES = YES;
				CLANG_ENABLE_OBJC_ARC = YES;
				CLANG_ENABLE_OBJC_WEAK = YES;
				CLANG_WARN_BLOCK_CAPTURE_AUTORELEASING = YES;
				CLANG_WARN_BOOL_CONVERSION = YES;
				CLANG_WARN_COMMA = YES;
				CLANG_WARN_CONSTANT_CONVERSION = YES;
				CLANG_WARN_DEPRECATED_OBJC_IMPLEMENTATIONS = YES;
				CLANG_WARN_DIRECT_OBJC_ISA_USAGE = YES_ERROR;
				CLANG_WARN_DOCUMENTATION_COMMENTS = YES;
				CLANG_WARN_EMPTY_BODY = YES;
				CLANG_WARN_ENUM_CONVERSION = YES;
				CLANG_WARN_INFINITE_RECURSION = YES;
				CLANG_WARN_INT_CONVERSION = YES;
				CLANG_WARN_NON_LITERAL_NULL_CONVERSION = YES;
				CLANG_WARN_OBJC_IMPLICIT_RETAIN_SELF = YES;
				CLANG_WARN_OBJC_LITERAL_CONVERSION = YES;
				CLANG_WARN_OBJC_ROOT_CLASS = YES_ERROR;
				CLANG_WARN_QUOTED_INCLUDE_IN_FRAMEWORK_HEADER = YES;
				CLANG_WARN_RANGE_LOOP_ANALYSIS = YES;
				CLANG_WARN_STRICT_PROTOTYPES = YES;
				CLANG_WARN_SUSPICIOUS_MOVE = YES;
				CLANG_WARN_UNGUARDED_AVAILABILITY = YES_AGGRESSIVE;
				CLANG_WARN_UNREACHABLE_CODE = YES;
				CLANG_WARN__DUPLICATE_METHOD_MATCH = YES;
				COPY_PHASE_STRIP = NO;
				DEBUG_INFORMATION_FORMAT = "dwarf-with-dsym";
				ENABLE_NS_ASSERTIONS = NO;
				ENABLE_STRICT_OBJC_MSGSEND = YES;
				ENABLE_USER_SCRIPT_SANDBOXING = YES;
				GCC_C_LANGUAGE_STANDARD = gnu17;
				GCC_NO_COMMON_BLOCKS = YES;
				GCC_WARN_64_TO_32_BIT_CONVERSION = YES;
				GCC_WARN_ABOUT_RETURN_TYPE = YES_ERROR;
				GCC_WARN_UNDECLARED_SELECTOR = YES;
				GCC_WARN_UNINITIALIZED_AUTOS = YES_AGGRESSIVE;
				GCC_WARN_UNUSED_FUNCTION = YES;
				GCC_WARN_UNUSED_VARIABLE = YES;
				IPHONEOS_DEPLOYMENT_TARGET = 17.5;
				LOCALIZATION_PREFERS_STRING_CATALOGS = YES;
				MTL_ENABLE_DEBUG_INFO = NO;
				MTL_FAST_MATH = YES;
				SDKROOT = iphoneos;
				SWIFT_COMPILATION_MODE = wholemodule;
				VALIDATE_PRODUCT = YES;
			};
			name = Release;
		};
		0706D44F2CAF660200642708 /* Debug */ = {
			isa = XCBuildConfiguration;
			buildSettings = {
				ASSETCATALOG_COMPILER_APPICON_NAME = AppIcon;
				ASSETCATALOG_COMPILER_GLOBAL_ACCENT_COLOR_NAME = AccentColor;
				CODE_SIGN_STYLE = Automatic;
				CURRENT_PROJECT_VERSION = 1;
				GENERATE_INFOPLIST_FILE = YES;
				INFOPLIST_FILE = Skiliket_Reto/Info.plist;
				INFOPLIST_KEY_UIApplicationSupportsIndirectInputEvents = YES;
				INFOPLIST_KEY_UILaunchStoryboardName = LaunchScreen;
				INFOPLIST_KEY_UIMainStoryboardFile = Main;
				INFOPLIST_KEY_UISupportedInterfaceOrientations_iPad = "UIInterfaceOrientationPortrait UIInterfaceOrientationPortraitUpsideDown UIInterfaceOrientationLandscapeLeft UIInterfaceOrientationLandscapeRight";
				INFOPLIST_KEY_UISupportedInterfaceOrientations_iPhone = "UIInterfaceOrientationPortrait UIInterfaceOrientationLandscapeLeft UIInterfaceOrientationLandscapeRight";
				LD_RUNPATH_SEARCH_PATHS = (
					"$(inherited)",
					"@executable_path/Frameworks",
				);
				MARKETING_VERSION = 1.0;
				PRODUCT_BUNDLE_IDENTIFIER = "carlospaez.Skiliket-Reto";
				PRODUCT_NAME = "$(TARGET_NAME)";
				SWIFT_EMIT_LOC_STRINGS = YES;
				SWIFT_VERSION = 5.0;
				TARGETED_DEVICE_FAMILY = "1,2";
			};
			name = Debug;
		};
		0706D4502CAF660200642708 /* Release */ = {
			isa = XCBuildConfiguration;
			buildSettings = {
				ASSETCATALOG_COMPILER_APPICON_NAME = AppIcon;
				ASSETCATALOG_COMPILER_GLOBAL_ACCENT_COLOR_NAME = AccentColor;
				CODE_SIGN_STYLE = Automatic;
				CURRENT_PROJECT_VERSION = 1;
				GENERATE_INFOPLIST_FILE = YES;
				INFOPLIST_FILE = Skiliket_Reto/Info.plist;
				INFOPLIST_KEY_UIApplicationSupportsIndirectInputEvents = YES;
				INFOPLIST_KEY_UILaunchStoryboardName = LaunchScreen;
				INFOPLIST_KEY_UIMainStoryboardFile = Main;
				INFOPLIST_KEY_UISupportedInterfaceOrientations_iPad = "UIInterfaceOrientationPortrait UIInterfaceOrientationPortraitUpsideDown UIInterfaceOrientationLandscapeLeft UIInterfaceOrientationLandscapeRight";
				INFOPLIST_KEY_UISupportedInterfaceOrientations_iPhone = "UIInterfaceOrientationPortrait UIInterfaceOrientationLandscapeLeft UIInterfaceOrientationLandscapeRight";
				LD_RUNPATH_SEARCH_PATHS = (
					"$(inherited)",
					"@executable_path/Frameworks",
				);
				MARKETING_VERSION = 1.0;
				PRODUCT_BUNDLE_IDENTIFIER = "carlospaez.Skiliket-Reto";
				PRODUCT_NAME = "$(TARGET_NAME)";
				SWIFT_EMIT_LOC_STRINGS = YES;
				SWIFT_VERSION = 5.0;
				TARGETED_DEVICE_FAMILY = "1,2";
			};
			name = Release;
		};
/* End XCBuildConfiguration section */

/* Begin XCConfigurationList section */
		0706D4352CAF660100642708 /* Build configuration list for PBXProject "Skiliket_Reto" */ = {
			isa = XCConfigurationList;
			buildConfigurations = (
				0706D44C2CAF660200642708 /* Debug */,
				0706D44D2CAF660200642708 /* Release */,
			);
			defaultConfigurationIsVisible = 0;
			defaultConfigurationName = Release;
		};
		0706D44E2CAF660200642708 /* Build configuration list for PBXNativeTarget "Skiliket_Reto" */ = {
			isa = XCConfigurationList;
			buildConfigurations = (
				0706D44F2CAF660200642708 /* Debug */,
				0706D4502CAF660200642708 /* Release */,
			);
			defaultConfigurationIsVisible = 0;
			defaultConfigurationName = Release;
		};
/* End XCConfigurationList section */
	};
	rootObject = 0706D4322CAF660100642708 /* Project object */;
}
